
Microsoft Visual Studio Solution File, Format Version 12.00
# Visual Studio Version 17
VisualStudioVersion = 17.8.34330.188
MinimumVisualStudioVersion = 10.0.40219.1
Project("{FAE04EC0-301F-11D3-BF4B-00C04F79EFBC}") = "ImageManipulation.API", "ImageManipulation.API\ImageManipulation.API.csproj", "{714FFBCE-949E-4543-9CA1-140AE3B7CB95}"
EndProject
Project("{FAE04EC0-301F-11D3-BF4B-00C04F79EFBC}") = "ImageManipulation.Data", "ImageManipulation.Data\ImageManipulation.Data.csproj", "{96BD4753-040B-4FB9-B469-A6A1E9354051}"
EndProject
Global
	GlobalSection(SolutionConfigurationPlatforms) = preSolution
		Debug|Any CPU = Debug|Any CPU
		Release|Any CPU = Release|Any CPU
	EndGlobalSection
	GlobalSection(ProjectConfigurationPlatforms) = postSolution
		{714FFBCE-949E-4543-9CA1-140AE3B7CB95}.Debug|Any CPU.ActiveCfg = Debug|Any CPU
		{714FFBCE-949E-4543-9CA1-140AE3B7CB95}.Debug|Any CPU.Build.0 = Debug|Any CPU
		{714FFBCE-949E-4543-9CA1-140AE3B7CB95}.Release|Any CPU.ActiveCfg = Release|Any CPU
		{714FFBCE-949E-4543-9CA1-140AE3B7CB95}.Release|Any CPU.Build.0 = Release|Any CPU
		{96BD4753-040B-4FB9-B469-A6A1E9354051}.Debug|Any CPU.ActiveCfg = Debug|Any CPU
		{96BD4753-040B-4FB9-B469-A6A1E9354051}.Debug|Any CPU.Build.0 = Debug|Any CPU
		{96BD4753-040B-4FB9-B469-A6A1E9354051}.Release|Any CPU.ActiveCfg = Release|Any CPU
		{96BD4753-040B-4FB9-B469-A6A1E9354051}.Release|Any CPU.Build.0 = Release|Any CPU
	EndGlobalSection
	GlobalSection(SolutionProperties) = preSolution
		HideSolutionNode = FALSE
	EndGlobalSection
	GlobalSection(ExtensibilityGlobals) = postSolution
		SolutionGuid = {3B9C33F9-E72C-4D52-A394-62B2EFA6252A}
	EndGlobalSection
EndGlobal
